PODS:
  - Action (1.2.1):
    - RxCocoa (~> 2.0)
    - RxSwift (~> 2.0)
  - Alamofire (3.3.1)
  - Bond (4.3.1)
  - ReactiveCocoa (4.1.0):
    - ReactiveCocoa/UI (= 4.1.0)
    - Result (~> 2.0)
  - ReactiveCocoa/Core (4.1.0):
    - ReactiveCocoa/no-arc
    - Result (~> 2.0)
  - ReactiveCocoa/no-arc (4.1.0):
    - Result (~> 2.0)
  - ReactiveCocoa/UI (4.1.0):
    - ReactiveCocoa/Core
    - Result (~> 2.0)
  - ReactiveKit (2.0.0-beta4)
  - ReactiveUIKit (2.0.0-beta4):
    - ReactiveKit (~> 2.0.0-beta)
  - Result (2.0.0)
  - RxBlocking (2.0.0):
    - RxSwift (~> 2.0)
  - RxCocoa (2.4):
    - RxSwift (~> 2.4)
  - RxSwift (2.4)

DEPENDENCIES:
  - Action
  - Alamofire
  - Bond
  - ReactiveCocoa (= 4.1.0)
  - ReactiveKit (~> 2.0.0-beta4)
  - ReactiveUIKit (~> 2.0.0-beta4)
  - RxBlocking (~> 2.0.0-beta)
  - RxCocoa (~> 2.4)
  - RxSwift (~> 2.4)

SPEC CHECKSUMS:
  Action: b602680262545973293b0fd0aca84d1a49141608
  Alamofire: 369bc67b6f5ac33ded3648d7bd21c5bfb91c2ecc
  Bond: 55903fc67f09e8e49791a657163cabba1d6fb29d
  ReactiveCocoa: d70004d7a366a7b8e87e60ce2347182c77701949
  ReactiveKit: 4d978a4e63c5590da4848f8b2d632bc9a69fceb6
  ReactiveUIKit: 62f4dd2112a21c3d75ccb13d3e41dda804cbfc9b
  Result: 9e75e1111c774c6ac594e14907b15057053a7959
  RxBlocking: a95a10ed54eb5d116f6c9a87047ff671e181d07b
  RxCocoa: 7d6cd877de99f5640306b3d6cf87f580c1d91b61
  RxSwift: 67b9ef4e8b34fb394e200e754c6a09cc16559f94

COCOAPODS: 0.39.0
